
Microsoft Visual Studio Solution File, Format Version 12.00
# Visual Studio Version 17
VisualStudioVersion = 17.0.31903.59
MinimumVisualStudioVersion = 10.0.40219.1
Project("{FAE04EC0-301F-11D3-BF4B-00C04F79EFBC}") = "WebApiResource", "WebApiResource\WebApiResource.csproj", "{1F6AE0A2-5DEB-4C44-95AE-824365382F4A}"
EndProject
Global
	GlobalSection(SolutionConfigurationPlatforms) = preSolution
		Debug|Any CPU = Debug|Any CPU
		Release|Any CPU = Release|Any CPU
	EndGlobalSection
	GlobalSection(SolutionProperties) = preSolution
		HideSolutionNode = FALSE
	EndGlobalSection
	GlobalSection(ProjectConfigurationPlatforms) = postSolution
		{1F6AE0A2-5DEB-4C44-95AE-824365382F4A}.Debug|Any CPU.ActiveCfg = Debug|Any CPU
		{1F6AE0A2-5DEB-4C44-95AE-824365382F4A}.Debug|Any CPU.Build.0 = Debug|Any CPU
		{1F6AE0A2-5DEB-4C44-95AE-824365382F4A}.Release|Any CPU.ActiveCfg = Release|Any CPU
		{1F6AE0A2-5DEB-4C44-95AE-824365382F4A}.Release|Any CPU.Build.0 = Release|Any CPU
	EndGlobalSection
EndGlobal
